
Microsoft Visual Studio Solution File, Format Version 12.00
# Visual Studio Version 16
VisualStudioVersion = 16.0.31205.134
MinimumVisualStudioVersion = 10.0.40219.1
Project("{9A19103F-16F7-4668-BE54-9A1E7A4F7556}") = "Business", "Business\Business.csproj", "{E79A40F1-7931-48DB-AA64-BD09CE4BD005}"
EndProject
Project("{9A19103F-16F7-4668-BE54-9A1E7A4F7556}") = "Core", "Core\Core.csproj", "{C57C64C7-2A03-4A26-BE50-FB242491B3BE}"
EndProject
Project("{9A19103F-16F7-4668-BE54-9A1E7A4F7556}") = "DataAccess", "DataAccess\DataAccess.csproj", "{E00D8BB1-185B-480B-B059-0ED144584D2F}"
EndProject
Project("{9A19103F-16F7-4668-BE54-9A1E7A4F7556}") = "Entities", "Entity\Entities.csproj", "{65B53E67-E176-498E-9023-6BBFE9952FB6}"
EndProject
Project("{9A19103F-16F7-4668-BE54-9A1E7A4F7556}") = "WebAPI", "WebAPI\WebAPI.csproj", "{78A5FE20-B936-4CA8-9F15-EBBE02982CAA}"
EndProject
Global
	GlobalSection(SolutionConfigurationPlatforms) = preSolution
		Debug|Any CPU = Debug|Any CPU
		Release|Any CPU = Release|Any CPU
	EndGlobalSection
	GlobalSection(ProjectConfigurationPlatforms) = postSolution
		{E79A40F1-7931-48DB-AA64-BD09CE4BD005}.Debug|Any CPU.ActiveCfg = Debug|Any CPU
		{E79A40F1-7931-48DB-AA64-BD09CE4BD005}.Debug|Any CPU.Build.0 = Debug|Any CPU
		{E79A40F1-7931-48DB-AA64-BD09CE4BD005}.Release|Any CPU.ActiveCfg = Release|Any CPU
		{E79A40F1-7931-48DB-AA64-BD09CE4BD005}.Release|Any CPU.Build.0 = Release|Any CPU
		{C57C64C7-2A03-4A26-BE50-FB242491B3BE}.Debug|Any CPU.ActiveCfg = Debug|Any CPU
		{C57C64C7-2A03-4A26-BE50-FB242491B3BE}.Debug|Any CPU.Build.0 = Debug|Any CPU
		{C57C64C7-2A03-4A26-BE50-FB242491B3BE}.Release|Any CPU.ActiveCfg = Release|Any CPU
		{C57C64C7-2A03-4A26-BE50-FB242491B3BE}.Release|Any CPU.Build.0 = Release|Any CPU
		{E00D8BB1-185B-480B-B059-0ED144584D2F}.Debug|Any CPU.ActiveCfg = Debug|Any CPU
		{E00D8BB1-185B-480B-B059-0ED144584D2F}.Debug|Any CPU.Build.0 = Debug|Any CPU
		{E00D8BB1-185B-480B-B059-0ED144584D2F}.Release|Any CPU.ActiveCfg = Release|Any CPU
		{E00D8BB1-185B-480B-B059-0ED144584D2F}.Release|Any CPU.Build.0 = Release|Any CPU
		{65B53E67-E176-498E-9023-6BBFE9952FB6}.Debug|Any CPU.ActiveCfg = Debug|Any CPU
		{65B53E67-E176-498E-9023-6BBFE9952FB6}.Debug|Any CPU.Build.0 = Debug|Any CPU
		{65B53E67-E176-498E-9023-6BBFE9952FB6}.Release|Any CPU.ActiveCfg = Release|Any CPU
		{65B53E67-E176-498E-9023-6BBFE9952FB6}.Release|Any CPU.Build.0 = Release|Any CPU
		{78A5FE20-B936-4CA8-9F15-EBBE02982CAA}.Debug|Any CPU.ActiveCfg = Debug|Any CPU
		{78A5FE20-B936-4CA8-9F15-EBBE02982CAA}.Debug|Any CPU.Build.0 = Debug|Any CPU
		{78A5FE20-B936-4CA8-9F15-EBBE02982CAA}.Release|Any CPU.ActiveCfg = Release|Any CPU
		{78A5FE20-B936-4CA8-9F15-EBBE02982CAA}.Release|Any CPU.Build.0 = Release|Any CPU
	EndGlobalSection
	GlobalSection(SolutionProperties) = preSolution
		HideSolutionNode = FALSE
	EndGlobalSection
	GlobalSection(ExtensibilityGlobals) = postSolution
		SolutionGuid = {9141F432-EF61-43E0-8F56-476F417A1211}
	EndGlobalSection
EndGlobal
